
Microsoft Visual Studio Solution File, Format Version 12.00
# Visual Studio Version 17
VisualStudioVersion = 17.9.34723.18
MinimumVisualStudioVersion = 10.0.40219.1
Project("{FAE04EC0-301F-11D3-BF4B-00C04F79EFBC}") = "RepositorioDigital", "RepositorioDigital.csproj", "{0EDF5D2E-3020-4ADF-B087-DCE22830D281}"
EndProject
Global
	GlobalSection(SolutionConfigurationPlatforms) = preSolution
		Debug|Any CPU = Debug|Any CPU
		Release|Any CPU = Release|Any CPU
	EndGlobalSection
	GlobalSection(ProjectConfigurationPlatforms) = postSolution
		{0EDF5D2E-3020-4ADF-B087-DCE22830D281}.Debug|Any CPU.ActiveCfg = Debug|Any CPU
		{0EDF5D2E-3020-4ADF-B087-DCE22830D281}.Debug|Any CPU.Build.0 = Debug|Any CPU
		{0EDF5D2E-3020-4ADF-B087-DCE22830D281}.Release|Any CPU.ActiveCfg = Release|Any CPU
		{0EDF5D2E-3020-4ADF-B087-DCE22830D281}.Release|Any CPU.Build.0 = Release|Any CPU
	EndGlobalSection
	GlobalSection(SolutionProperties) = preSolution
		HideSolutionNode = FALSE
	EndGlobalSection
	GlobalSection(ExtensibilityGlobals) = postSolution
		SolutionGuid = {52BDAA70-548B-429A-9E68-FCAA2558532F}
	EndGlobalSection
EndGlobal
